
Microsoft Visual Studio Solution File, Format Version 12.00
# Visual Studio Version 17
VisualStudioVersion = 17.9.34728.123
MinimumVisualStudioVersion = 10.0.40219.1
Project("{FAE04EC0-301F-11D3-BF4B-00C04F79EFBC}") = "TikTokDetection", "TikTokDetection.csproj", "{4C58F89A-094B-4D86-AF9B-2F09EA974CC1}"
EndProject
Global
	GlobalSection(SolutionConfigurationPlatforms) = preSolution
		Debug|Any CPU = Debug|Any CPU
		Release|Any CPU = Release|Any CPU
	EndGlobalSection
	GlobalSection(ProjectConfigurationPlatforms) = postSolution
		{4C58F89A-094B-4D86-AF9B-2F09EA974CC1}.Debug|Any CPU.ActiveCfg = Debug|Any CPU
		{4C58F89A-094B-4D86-AF9B-2F09EA974CC1}.Debug|Any CPU.Build.0 = Debug|Any CPU
		{4C58F89A-094B-4D86-AF9B-2F09EA974CC1}.Release|Any CPU.ActiveCfg = Release|Any CPU
		{4C58F89A-094B-4D86-AF9B-2F09EA974CC1}.Release|Any CPU.Build.0 = Release|Any CPU
	EndGlobalSection
	GlobalSection(SolutionProperties) = preSolution
		HideSolutionNode = FALSE
	EndGlobalSection
	GlobalSection(ExtensibilityGlobals) = postSolution
		SolutionGuid = {23B7C3A2-A524-406A-9805-F36F1F9F3927}
	EndGlobalSection
EndGlobal
